
Microsoft Visual Studio Solution File, Format Version 12.00
# Visual Studio 14
VisualStudioVersion = 14.0.25123.0
MinimumVisualStudioVersion = 10.0.40219.1
Project("{FAE04EC0-301F-11D3-BF4B-00C04F79EFBC}") = "HDO2O.API", "HDO2O.API\HDO2O.API.csproj", "{F7B3E748-9FD4-4FE7-811B-487BB01C7A53}"
EndProject
Project("{FAE04EC0-301F-11D3-BF4B-00C04F79EFBC}") = "HDO2O.Infranstructure", "HDO2O.Infranstructure\HDO2O.Infranstructure.csproj", "{327B5DBF-6CBE-44ED-B191-7696E06431B7}"
EndProject
Project("{FAE04EC0-301F-11D3-BF4B-00C04F79EFBC}") = "HDO2O.Services", "HDO2O.Services\HDO2O.Services.csproj", "{0102346F-6021-438D-9E31-3CB1C63EA870}"
EndProject
Project("{FAE04EC0-301F-11D3-BF4B-00C04F79EFBC}") = "HDO2O.Repository", "HDO2O.Repository\HDO2O.Repository.csproj", "{DA611F80-D801-4CF4-9FF2-35D2188D9327}"
EndProject
Project("{FAE04EC0-301F-11D3-BF4B-00C04F79EFBC}") = "HDO2O.Models", "HDO2O.Models\HDO2O.Models.csproj", "{537C800F-4931-4EED-95A6-4ACD2285040F}"
EndProject
Project("{FAE04EC0-301F-11D3-BF4B-00C04F79EFBC}") = "HDO2O.DTO", "HDO2O.DTO\HDO2O.DTO.csproj", "{F99E5876-CE5F-4E17-BF72-D2BDA1C0A708}"
EndProject
Project("{2150E333-8FDC-42A3-9474-1A3956D46DE8}") = "Repository", "Repository", "{3762B99F-FC8E-4127-B524-1E54A163AFDE}"
EndProject
Project("{FAE04EC0-301F-11D3-BF4B-00C04F79EFBC}") = "HDO2O.IRepository", "HDO2O.IRepository\HDO2O.IRepository.csproj", "{C76BB480-3231-4F84-A3BB-BE9FDEA50A00}"
EndProject
Project("{FAE04EC0-301F-11D3-BF4B-00C04F79EFBC}") = "HDO2O.IServices", "HDO2O.IServices\HDO2O.IServices.csproj", "{204D1256-CF8B-496E-A6DB-80EDE318C183}"
EndProject
Project("{2150E333-8FDC-42A3-9474-1A3956D46DE8}") = "Services", "Services", "{91EB57FD-F616-4A10-8F55-78BF8A0093E4}"
EndProject
Project("{FAE04EC0-301F-11D3-BF4B-00C04F79EFBC}") = "HDO2O.Utils", "HDO2O.Utils\HDO2O.Utils.csproj", "{4AA938A0-135D-4166-82E0-4BDC1727184D}"
EndProject
Global
	GlobalSection(SolutionConfigurationPlatforms) = preSolution
		Debug|Any CPU = Debug|Any CPU
		Release|Any CPU = Release|Any CPU
	EndGlobalSection
	GlobalSection(ProjectConfigurationPlatforms) = postSolution
		{F7B3E748-9FD4-4FE7-811B-487BB01C7A53}.Debug|Any CPU.ActiveCfg = Debug|Any CPU
		{F7B3E748-9FD4-4FE7-811B-487BB01C7A53}.Debug|Any CPU.Build.0 = Debug|Any CPU
		{F7B3E748-9FD4-4FE7-811B-487BB01C7A53}.Release|Any CPU.ActiveCfg = Release|Any CPU
		{F7B3E748-9FD4-4FE7-811B-487BB01C7A53}.Release|Any CPU.Build.0 = Release|Any CPU
		{327B5DBF-6CBE-44ED-B191-7696E06431B7}.Debug|Any CPU.ActiveCfg = Debug|Any CPU
		{327B5DBF-6CBE-44ED-B191-7696E06431B7}.Debug|Any CPU.Build.0 = Debug|Any CPU
		{327B5DBF-6CBE-44ED-B191-7696E06431B7}.Release|Any CPU.ActiveCfg = Release|Any CPU
		{327B5DBF-6CBE-44ED-B191-7696E06431B7}.Release|Any CPU.Build.0 = Release|Any CPU
		{0102346F-6021-438D-9E31-3CB1C63EA870}.Debug|Any CPU.ActiveCfg = Debug|Any CPU
		{0102346F-6021-438D-9E31-3CB1C63EA870}.Debug|Any CPU.Build.0 = Debug|Any CPU
		{0102346F-6021-438D-9E31-3CB1C63EA870}.Release|Any CPU.ActiveCfg = Release|Any CPU
		{0102346F-6021-438D-9E31-3CB1C63EA870}.Release|Any CPU.Build.0 = Release|Any CPU
		{DA611F80-D801-4CF4-9FF2-35D2188D9327}.Debug|Any CPU.ActiveCfg = Debug|Any CPU
		{DA611F80-D801-4CF4-9FF2-35D2188D9327}.Debug|Any CPU.Build.0 = Debug|Any CPU
		{DA611F80-D801-4CF4-9FF2-35D2188D9327}.Release|Any CPU.ActiveCfg = Release|Any CPU
		{DA611F80-D801-4CF4-9FF2-35D2188D9327}.Release|Any CPU.Build.0 = Release|Any CPU
		{537C800F-4931-4EED-95A6-4ACD2285040F}.Debug|Any CPU.ActiveCfg = Debug|Any CPU
		{537C800F-4931-4EED-95A6-4ACD2285040F}.Debug|Any CPU.Build.0 = Debug|Any CPU
		{537C800F-4931-4EED-95A6-4ACD2285040F}.Release|Any CPU.ActiveCfg = Release|Any CPU
		{537C800F-4931-4EED-95A6-4ACD2285040F}.Release|Any CPU.Build.0 = Release|Any CPU
		{F99E5876-CE5F-4E17-BF72-D2BDA1C0A708}.Debug|Any CPU.ActiveCfg = Debug|Any CPU
		{F99E5876-CE5F-4E17-BF72-D2BDA1C0A708}.Debug|Any CPU.Build.0 = Debug|Any CPU
		{F99E5876-CE5F-4E17-BF72-D2BDA1C0A708}.Release|Any CPU.ActiveCfg = Release|Any CPU
		{F99E5876-CE5F-4E17-BF72-D2BDA1C0A708}.Release|Any CPU.Build.0 = Release|Any CPU
		{C76BB480-3231-4F84-A3BB-BE9FDEA50A00}.Debug|Any CPU.ActiveCfg = Debug|Any CPU
		{C76BB480-3231-4F84-A3BB-BE9FDEA50A00}.Debug|Any CPU.Build.0 = Debug|Any CPU
		{C76BB480-3231-4F84-A3BB-BE9FDEA50A00}.Release|Any CPU.ActiveCfg = Release|Any CPU
		{C76BB480-3231-4F84-A3BB-BE9FDEA50A00}.Release|Any CPU.Build.0 = Release|Any CPU
		{204D1256-CF8B-496E-A6DB-80EDE318C183}.Debug|Any CPU.ActiveCfg = Debug|Any CPU
		{204D1256-CF8B-496E-A6DB-80EDE318C183}.Debug|Any CPU.Build.0 = Debug|Any CPU
		{204D1256-CF8B-496E-A6DB-80EDE318C183}.Release|Any CPU.ActiveCfg = Release|Any CPU
		{204D1256-CF8B-496E-A6DB-80EDE318C183}.Release|Any CPU.Build.0 = Release|Any CPU
		{4AA938A0-135D-4166-82E0-4BDC1727184D}.Debug|Any CPU.ActiveCfg = Debug|Any CPU
		{4AA938A0-135D-4166-82E0-4BDC1727184D}.Debug|Any CPU.Build.0 = Debug|Any CPU
		{4AA938A0-135D-4166-82E0-4BDC1727184D}.Release|Any CPU.ActiveCfg = Release|Any CPU
		{4AA938A0-135D-4166-82E0-4BDC1727184D}.Release|Any CPU.Build.0 = Release|Any CPU
	EndGlobalSection
	GlobalSection(SolutionProperties) = preSolution
		HideSolutionNode = FALSE
	EndGlobalSection
	GlobalSection(NestedProjects) = preSolution
		{0102346F-6021-438D-9E31-3CB1C63EA870} = {91EB57FD-F616-4A10-8F55-78BF8A0093E4}
		{DA611F80-D801-4CF4-9FF2-35D2188D9327} = {3762B99F-FC8E-4127-B524-1E54A163AFDE}
		{C76BB480-3231-4F84-A3BB-BE9FDEA50A00} = {3762B99F-FC8E-4127-B524-1E54A163AFDE}
		{204D1256-CF8B-496E-A6DB-80EDE318C183} = {91EB57FD-F616-4A10-8F55-78BF8A0093E4}
	EndGlobalSection
EndGlobal
